
Microsoft Visual Studio Solution File, Format Version 12.00
# Visual Studio 2012
Project("{FAE04EC0-301F-11D3-BF4B-00C04F79EFBC}") = "XMLPod", "XMLPod.csproj", "{406ECD5C-EBE4-4731-816F-BDBC5B321474}"
EndProject
Global
	GlobalSection(SolutionConfigurationPlatforms) = preSolution
		Debug|Any CPU = Debug|Any CPU
		Release|Any CPU = Release|Any CPU
	EndGlobalSection
	GlobalSection(ProjectConfigurationPlatforms) = postSolution
		{406ECD5C-EBE4-4731-816F-BDBC5B321474}.Debug|Any CPU.ActiveCfg = Debug|Any CPU
		{406ECD5C-EBE4-4731-816F-BDBC5B321474}.Debug|Any CPU.Build.0 = Debug|Any CPU
		{406ECD5C-EBE4-4731-816F-BDBC5B321474}.Release|Any CPU.ActiveCfg = Release|Any CPU
		{406ECD5C-EBE4-4731-816F-BDBC5B321474}.Release|Any CPU.Build.0 = Release|Any CPU
	EndGlobalSection
	GlobalSection(SolutionProperties) = preSolution
		HideSolutionNode = FALSE
	EndGlobalSection
EndGlobal
